PODS:
  - Floaty (4.2.0)
  - Mapbox-iOS-SDK (5.2.0)

DEPENDENCIES:
  - Floaty (~> 4.2.0)
  - Mapbox-iOS-SDK (~> 5.2)

SPEC REPOS:
  https://github.com/cocoapods/specs.git:
    - Floaty
    - Mapbox-iOS-SDK

SPEC CHECKSUMS:
  Floaty: e2bd5a0f6f7f70899e26ff2da31081c8bee8d1b0
  Mapbox-iOS-SDK: 3e095b305126d52ba166fe215d847b15b6fbee63

PODFILE CHECKSUM: 12106bbf3eca37c6d84e5422859262b3ce3a35b9

COCOAPODS: 1.7.0
